
Microsoft Visual Studio Solution File, Format Version 12.00
# Visual Studio Version 17
VisualStudioVersion = 17.13.35825.156 d17.13
MinimumVisualStudioVersion = 10.0.40219.1
Project("{FAE04EC0-301F-11D3-BF4B-00C04F79EFBC}") = "TN01-WFCadastrar", "TN01-WFCadastrar\TN01-WFCadastrar.csproj", "{4E680792-C930-4CA9-AA59-0CC46C8C5D3D}"
EndProject
Global
	GlobalSection(SolutionConfigurationPlatforms) = preSolution
		Debug|Any CPU = Debug|Any CPU
		Release|Any CPU = Release|Any CPU
	EndGlobalSection
	GlobalSection(ProjectConfigurationPlatforms) = postSolution
		{4E680792-C930-4CA9-AA59-0CC46C8C5D3D}.Debug|Any CPU.ActiveCfg = Debug|Any CPU
		{4E680792-C930-4CA9-AA59-0CC46C8C5D3D}.Debug|Any CPU.Build.0 = Debug|Any CPU
		{4E680792-C930-4CA9-AA59-0CC46C8C5D3D}.Release|Any CPU.ActiveCfg = Release|Any CPU
		{4E680792-C930-4CA9-AA59-0CC46C8C5D3D}.Release|Any CPU.Build.0 = Release|Any CPU
	EndGlobalSection
	GlobalSection(SolutionProperties) = preSolution
		HideSolutionNode = FALSE
	EndGlobalSection
	GlobalSection(ExtensibilityGlobals) = postSolution
		SolutionGuid = {AB3F00BC-20D8-4BA4-8B46-16DE1893984C}
	EndGlobalSection
EndGlobal
